
Microsoft Visual Studio Solution File, Format Version 12.00
# Visual Studio Version 17
VisualStudioVersion = 17.5.33414.496
MinimumVisualStudioVersion = 10.0.40219.1
Project("{FAE04EC0-301F-11D3-BF4B-00C04F79EFBC}") = "ChatApplication", "ChatApplication\ChatApplication.csproj", "{7C6EBF31-41F9-4FD0-9BD8-DD8C4E43DF25}"
EndProject
Global
	GlobalSection(SolutionConfigurationPlatforms) = preSolution
		Debug|Any CPU = Debug|Any CPU
		Release|Any CPU = Release|Any CPU
	EndGlobalSection
	GlobalSection(ProjectConfigurationPlatforms) = postSolution
		{7C6EBF31-41F9-4FD0-9BD8-DD8C4E43DF25}.Debug|Any CPU.ActiveCfg = Debug|Any CPU
		{7C6EBF31-41F9-4FD0-9BD8-DD8C4E43DF25}.Debug|Any CPU.Build.0 = Debug|Any CPU
		{7C6EBF31-41F9-4FD0-9BD8-DD8C4E43DF25}.Release|Any CPU.ActiveCfg = Release|Any CPU
		{7C6EBF31-41F9-4FD0-9BD8-DD8C4E43DF25}.Release|Any CPU.Build.0 = Release|Any CPU
	EndGlobalSection
	GlobalSection(SolutionProperties) = preSolution
		HideSolutionNode = FALSE
	EndGlobalSection
	GlobalSection(ExtensibilityGlobals) = postSolution
		SolutionGuid = {18E09288-6721-4E94-8F73-6411B758E094}
	EndGlobalSection
EndGlobal
